
Microsoft Visual Studio Solution File, Format Version 12.00
# Visual Studio Version 17
VisualStudioVersion = 17.14.36202.13 d17.14
MinimumVisualStudioVersion = 10.0.40219.1
Project("{FAE04EC0-301F-11D3-BF4B-00C04F79EFBC}") = "MyLeasing.Common", "MyLeasing.Common\MyLeasing.Common.csproj", "{49A43EEA-EB4D-4E3E-85BF-488D0C4FB01E}"
EndProject
Project("{FAE04EC0-301F-11D3-BF4B-00C04F79EFBC}") = "MyLeasing.Web", "MyLeasing.Web\MyLeasing.Web.csproj", "{7369C1D8-E32B-4219-80B1-CB4E141B62D8}"
EndProject
Global
	GlobalSection(SolutionConfigurationPlatforms) = preSolution
		Debug|Any CPU = Debug|Any CPU
		Release|Any CPU = Release|Any CPU
	EndGlobalSection
	GlobalSection(ProjectConfigurationPlatforms) = postSolution
		{49A43EEA-EB4D-4E3E-85BF-488D0C4FB01E}.Debug|Any CPU.ActiveCfg = Debug|Any CPU
		{49A43EEA-EB4D-4E3E-85BF-488D0C4FB01E}.Debug|Any CPU.Build.0 = Debug|Any CPU
		{49A43EEA-EB4D-4E3E-85BF-488D0C4FB01E}.Release|Any CPU.ActiveCfg = Release|Any CPU
		{49A43EEA-EB4D-4E3E-85BF-488D0C4FB01E}.Release|Any CPU.Build.0 = Release|Any CPU
		{7369C1D8-E32B-4219-80B1-CB4E141B62D8}.Debug|Any CPU.ActiveCfg = Debug|Any CPU
		{7369C1D8-E32B-4219-80B1-CB4E141B62D8}.Debug|Any CPU.Build.0 = Debug|Any CPU
		{7369C1D8-E32B-4219-80B1-CB4E141B62D8}.Release|Any CPU.ActiveCfg = Release|Any CPU
		{7369C1D8-E32B-4219-80B1-CB4E141B62D8}.Release|Any CPU.Build.0 = Release|Any CPU
	EndGlobalSection
	GlobalSection(SolutionProperties) = preSolution
		HideSolutionNode = FALSE
	EndGlobalSection
	GlobalSection(ExtensibilityGlobals) = postSolution
		SolutionGuid = {9E226EC9-39C1-4E08-9C30-08EA6D2F710D}
	EndGlobalSection
EndGlobal
